{
  "R": {
    "Version": "4.1.3",
    "Repositories": [
      {
        "Name": "CRAN",
        "URL": "https://cran.rstudio.com"
      }
    ]
  },
  "Packages": {
    "BH": {
      "Package": "BH",
      "Version": "1.75.0-0",
      "Source": "Repository",
      "Repository": "CRAN",
      "Hash": "e4c04affc2cac20c8fec18385cd14691",
      "Requirements": []
    },
    "Brobdingnag": {
      "Package": "Brobdingnag",
      "Version": "1.2-6",
      "Source": "Repository",
      "Repository": "CRAN",
      "Hash": "365629a3ac7243df8ed6ac88a606d9fe",
      "Requirements": []
    },
    "DBI": {
      "Package": "DBI",
      "Version": "1.1.1",
      "Source": "Repository",
      "Repository": "CRAN",
      "Hash": "030aaec5bc6553f35347cbb1e70b1a17",
      "Requirements": []
    },
    "DT": {
      "Package": "DT",
      "Version": "0.17",
      "Source": "Repository",
      "Repository": "CRAN",
      "Hash": "56b33b77f4cffd78ff96b8e5a69eabb0",
      "Requirements": [
        "crosstalk",
        "htmltools",
        "htmlwidgets",
        "jsonlite",
        "magrittr",
        "promises"
      ]
    },
    "Formula": {
      "Package": "Formula",
      "Version": "1.2-4",
      "Source": "Repository",
      "Repository": "CRAN",
      "Hash": "cc8c8c4d61346cde1ca60030ff9c241f",
      "Requirements": []
    },
    "Hmisc": {
      "Package": "Hmisc",
      "Version": "4.5-0",
      "Source": "Repository",
      "Repository": "CRAN",
      "Hash": "6d0e5aada1900c1bc778c00573aefd53",
      "Requirements": [
        "Formula",
        "base64enc",
        "cluster",
        "data.table",
        "foreign",
        "ggplot2",
        "gridExtra",
        "gtable",
        "htmlTable",
        "htmltools",
        "lattice",
        "latticeExtra",
        "nnet",
        "rpart",
        "survival",
        "viridis"
      ]
    },
    "MASS": {
      "Package": "MASS",
      "Version": "7.3-53.1",
      "Source": "Repository",
      "Repository": "CRAN",
      "Hash": "4ef21dd0348b9abb7f8bd1d77e4cd0c3",
      "Requirements": []
    },
    "Matrix": {
      "Package": "Matrix",
      "Version": "1.3-2",
      "Source": "Repository",
      "Repository": "CRAN",
      "Hash": "ff280503079ad8623d3c4b1519b24ea2",
      "Requirements": [
        "lattice"
      ]
    },
    "R6": {
      "Package": "R6",
      "Version": "2.5.0",
      "Source": "Repository",
      "Repository": "CRAN",
      "Hash": "b203113193e70978a696b2809525649d",
      "Requirements": []
    },
    "RColorBrewer": {
      "Package": "RColorBrewer",
      "Version": "1.1-2",
      "Source": "Repository",
      "Repository": "CRAN",
      "Hash": "e031418365a7f7a766181ab5a41a5716",
      "Requirements": []
    },
    "Rcpp": {
      "Package": "Rcpp",
      "Version": "1.0.7",
      "Source": "Repository",
      "Repository": "CRAN",
      "Hash": "dab19adae4440ae55aa8a9d238b246bb",
      "Requirements": []
    },
    "RcppArmadillo": {
      "Package": "RcppArmadillo",
      "Version": "0.10.2.2.0",
      "Source": "Repository",
      "Repository": "CRAN",
      "Hash": "8772b10276b4b4a3dfaa5043f9ad94f8",
      "Requirements": [
        "Rcpp"
      ]
    },
    "RcppEigen": {
      "Package": "RcppEigen",
      "Version": "0.3.3.9.1",
      "Source": "Repository",
      "Repository": "CRAN",
      "Hash": "ddfa72a87fdf4c80466a20818be91d00",
      "Requirements": [
        "Matrix",
        "Rcpp"
      ]
    },
    "RcppParallel": {
      "Package": "RcppParallel",
      "Version": "5.0.3",
      "Source": "Repository",
      "Repository": "CRAN",
      "Hash": "157a1155dc1bdbb6aba8dad88c9ef460",
      "Requirements": []
    },
    "StanHeaders": {
      "Package": "StanHeaders",
      "Version": "2.21.0-7",
      "Source": "Repository",
      "Repository": "CRAN",
      "Hash": "0459d4dd7a8c239be18469a30c23dd4b",
      "Requirements": [
        "RcppEigen",
        "RcppParallel"
      ]
    },
    "TMB": {
      "Package": "TMB",
      "Version": "1.8.1",
      "Source": "Repository",
      "Repository": "CRAN",
      "Hash": "c9ea4ec22ae6320a8f2b79f94e3d0a8a",
      "Requirements": [
        "Matrix",
        "RcppEigen"
      ]
    },
    "V8": {
      "Package": "V8",
      "Version": "3.4.0",
      "Source": "Repository",
      "Repository": "CRAN",
      "Hash": "8c5e8c58ff4fc8dfc67e24985005159b",
      "Requirements": [
        "Rcpp",
        "curl",
        "jsonlite"
      ]
    },
    "abind": {
      "Package": "abind",
      "Version": "1.4-5",
      "Source": "Repository",
      "Repository": "CRAN",
      "Hash": "4f57884290cc75ab22f4af9e9d4ca862",
      "Requirements": []
    },
    "arm": {
      "Package": "arm",
      "Version": "1.11-2",
      "Source": "Repository",
      "Repository": "CRAN",
      "Hash": "21b26dbe61da18158451c105decd10d8",
      "Requirements": [
        "Hmisc",
        "MASS",
        "Matrix",
        "abind",
        "coda",
        "lme4",
        "nlme"
      ]
    },
    "askpass": {
      "Package": "askpass",
      "Version": "1.1",
      "Source": "Repository",
      "Repository": "CRAN",
      "Hash": "e8a22846fff485f0be3770c2da758713",
      "Requirements": [
        "sys"
      ]
    },
    "assertthat": {
      "Package": "assertthat",
      "Version": "0.2.1",
      "Source": "Repository",
      "Repository": "CRAN",
      "Hash": "50c838a310445e954bc13f26f26a6ecf",
      "Requirements": []
    },
    "backports": {
      "Package": "backports",
      "Version": "1.2.1",
      "Source": "Repository",
      "Repository": "CRAN",
      "Hash": "644043219fc24e190c2f620c1a380a69",
      "Requirements": []
    },
    "base64enc": {
      "Package": "base64enc",
      "Version": "0.1-3",
      "Source": "Repository",
      "Repository": "CRAN",
      "Hash": "543776ae6848fde2f48ff3816d0628bc",
      "Requirements": []
    },
    "base64url": {
      "Package": "base64url",
      "Version": "1.4",
      "Source": "Repository",
      "Repository": "CRAN",
      "Hash": "0c54cf3a08cc0e550fbd64ad33166143",
      "Requirements": [
        "backports"
      ]
    },
    "bayesplot": {
      "Package": "bayesplot",
      "Version": "1.8.0",
      "Source": "Repository",
      "Repository": "CRAN",
      "Hash": "19f9ba83990d6c96441fcb0a10382d54",
      "Requirements": [
        "dplyr",
        "ggplot2",
        "ggridges",
        "glue",
        "reshape2",
        "rlang",
        "tibble",
        "tidyselect"
      ]
    },
    "boot": {
      "Package": "boot",
      "Version": "1.3-27",
      "Source": "Repository",
      "Repository": "CRAN",
      "Hash": "d9778c960792721e8433daaf3db8f16a",
      "Requirements": []
    },
    "bridgesampling": {
      "Package": "bridgesampling",
      "Version": "1.0-0",
      "Source": "Repository",
      "Repository": "CRAN",
      "Hash": "5d4e99b6aae5e4e90edde77e0cf28fdc",
      "Requirements": [
        "Brobdingnag",
        "Matrix",
        "coda",
        "mvtnorm",
        "scales",
        "stringr"
      ]
    },
    "brms": {
      "Package": "brms",
      "Version": "2.15.0",
      "Source": "Repository",
      "Repository": "CRAN",
      "Hash": "fc74baf33468122b49024ba32e7c1a6a",
      "Requirements": [
        "Matrix",
        "Rcpp",
        "abind",
        "backports",
        "bayesplot",
        "bridgesampling",
        "coda",
        "future",
        "ggplot2",
        "glue",
        "loo",
        "matrixStats",
        "mgcv",
        "nleqslv",
        "nlme",
        "projpred",
        "rstan",
        "rstantools",
        "shinystan"
      ]
    },
    "broom": {
      "Package": "broom",
      "Version": "0.7.5",
      "Source": "Repository",
      "Repository": "CRAN",
      "Hash": "d5ab8846336cfb2e3c17e5a806eb3045",
      "Requirements": [
        "backports",
        "dplyr",
        "ellipsis",
        "generics",
        "glue",
        "purrr",
        "rlang",
        "stringr",
        "tibble",
        "tidyr"
      ]
    },
    "broom.mixed": {
      "Package": "broom.mixed",
      "Version": "0.2.6",
      "Source": "Repository",
      "Repository": "CRAN",
      "Hash": "b7fd49962c14d6a7fada6b5f3afb9309",
      "Requirements": [
        "TMB",
        "broom",
        "coda",
        "cubelyr",
        "dplyr",
        "nlme",
        "plyr",
        "purrr",
        "reshape2",
        "stringr",
        "tibble",
        "tidyr"
      ]
    },
    "bslib": {
      "Package": "bslib",
      "Version": "0.3.1",
      "Source": "Repository",
      "Repository": "CRAN",
      "Hash": "56ae7e1987b340186a8a5a157c2ec358",
      "Requirements": [
        "htmltools",
        "jquerylib",
        "jsonlite",
        "rlang",
        "sass"
      ]
    },
    "cachem": {
      "Package": "cachem",
      "Version": "1.0.4",
      "Source": "Repository",
      "Repository": "CRAN",
      "Hash": "2703a46dcabfb902f10060b2bca9f708",
      "Requirements": [
        "fastmap",
        "rlang"
      ]
    },
    "callr": {
      "Package": "callr",
      "Version": "3.5.1",
      "Source": "Repository",
      "Repository": "CRAN",
      "Hash": "b7d7f1e926dfcd57c74ce93f5c048e80",
      "Requirements": [
        "R6",
        "processx"
      ]
    },
    "checkmate": {
      "Package": "checkmate",
      "Version": "2.0.0",
      "Source": "Repository",
      "Repository": "CRAN",
      "Hash": "a667800d5f0350371bedeb8b8b950289",
      "Requirements": [
        "backports"
      ]
    },
    "cli": {
      "Package": "cli",
      "Version": "2.3.1",
      "Source": "Repository",
      "Repository": "CRAN",
      "Hash": "3e3f28efcadfda442cd18651fbcbbecf",
      "Requirements": [
        "assertthat",
        "glue"
      ]
    },
    "cluster": {
      "Package": "cluster",
      "Version": "2.1.1",
      "Source": "Repository",
      "Repository": "CRAN",
      "Hash": "5ea8f54741ff907e2c0b5efabc9de729",
      "Requirements": []
    },
    "coda": {
      "Package": "coda",
      "Version": "0.19-4",
      "Source": "Repository",
      "Repository": "CRAN",
      "Hash": "24b6d006b8b2343876cf230687546932",
      "Requirements": [
        "lattice"
      ]
    },
    "codetools": {
      "Package": "codetools",
      "Version": "0.2-18",
      "Source": "Repository",
      "Repository": "CRAN",
      "Hash": "019388fc48e48b3da0d3a76ff94608a8",
      "Requirements": []
    },
    "colorspace": {
      "Package": "colorspace",
      "Version": "2.0-2",
      "Source": "Repository",
      "Repository": "CRAN",
      "Hash": "6baccb763ee83c0bd313460fdb8b8a84",
      "Requirements": []
    },
    "colourpicker": {
      "Package": "colourpicker",
      "Version": "1.1.0",
      "Source": "Repository",
      "Repository": "CRAN",
      "Hash": "fe0cb3d8854c168aef827aeab4b3b473",
      "Requirements": [
        "ggplot2",
        "htmltools",
        "htmlwidgets",
        "jsonlite",
        "miniUI",
        "shiny",
        "shinyjs"
      ]
    },
    "commonmark": {
      "Package": "commonmark",
      "Version": "1.7",
      "Source": "Repository",
      "Repository": "CRAN",
      "Hash": "0f22be39ec1d141fd03683c06f3a6e67",
      "Requirements": []
    },
    "cpp11": {
      "Package": "cpp11",
      "Version": "0.3.1",
      "Source": "Repository",
      "Repository": "CRAN",
      "Hash": "e02edab2bc389c5e4b12949b13df44f2",
      "Requirements": []
    },
    "crayon": {
      "Package": "crayon",
      "Version": "1.4.1",
      "Source": "Repository",
      "Repository": "CRAN",
      "Hash": "e75525c55c70e5f4f78c9960a4b402e9",
      "Requirements": []
    },
    "crosstalk": {
      "Package": "crosstalk",
      "Version": "1.1.1",
      "Source": "Repository",
      "Repository": "CRAN",
      "Hash": "2b06f9e415a62b6762e4b8098d2aecbc",
      "Requirements": [
        "R6",
        "htmltools",
        "jsonlite",
        "lazyeval"
      ]
    },
    "cubelyr": {
      "Package": "cubelyr",
      "Version": "1.0.1",
      "Source": "Repository",
      "Repository": "CRAN",
      "Hash": "da6ba095ae2dc4ecab6e9156633c5901",
      "Requirements": [
        "dplyr",
        "glue",
        "pillar",
        "purrr",
        "rlang",
        "tibble",
        "tidyselect"
      ]
    },
    "curl": {
      "Package": "curl",
      "Version": "4.3",
      "Source": "Repository",
      "Repository": "CRAN",
      "Hash": "2b7d10581cc730804e9ed178c8374bd6",
      "Requirements": []
    },
    "data.table": {
      "Package": "data.table",
      "Version": "1.14.0",
      "Source": "Repository",
      "Repository": "CRAN",
      "Hash": "d1b8b1a821ee564a3515fa6c6d5c52dc",
      "Requirements": []
    },
    "desc": {
      "Package": "desc",
      "Version": "1.3.0",
      "Source": "Repository",
      "Repository": "CRAN",
      "Hash": "b6963166f7f10b970af1006c462ce6cd",
      "Requirements": [
        "R6",
        "crayon",
        "rprojroot"
      ]
    },
    "digest": {
      "Package": "digest",
      "Version": "0.6.27",
      "Source": "Repository",
      "Repository": "CRAN",
      "Hash": "a0cbe758a531d054b537d16dff4d58a1",
      "Requirements": []
    },
    "doParallel": {
      "Package": "doParallel",
      "Version": "1.0.16",
      "Source": "Repository",
      "Repository": "CRAN",
      "Hash": "2dc413572eb42475179bfe0afabd2adf",
      "Requirements": [
        "foreach",
        "iterators"
      ]
    },
    "doSNOW": {
      "Package": "doSNOW",
      "Version": "1.0.19",
      "Source": "Repository",
      "Repository": "CRAN",
      "Hash": "d37ea40b304eec255022065947092af6",
      "Requirements": [
        "foreach",
        "iterators",
        "snow"
      ]
    },
    "dplyr": {
      "Package": "dplyr",
      "Version": "1.0.5",
      "Source": "Repository",
      "Repository": "CRAN",
      "Hash": "d0d76c11ec807eb3f000eba4e3eb0f68",
      "Requirements": [
        "R6",
        "ellipsis",
        "generics",
        "glue",
        "lifecycle",
        "magrittr",
        "rlang",
        "tibble",
        "tidyselect",
        "vctrs"
      ]
    },
    "dygraphs": {
      "Package": "dygraphs",
      "Version": "1.1.1.6",
      "Source": "Repository",
      "Repository": "CRAN",
      "Hash": "716869fffc16e282c118f8894e082a7d",
      "Requirements": [
        "htmltools",
        "htmlwidgets",
        "magrittr",
        "xts",
        "zoo"
      ]
    },
    "ellipsis": {
      "Package": "ellipsis",
      "Version": "0.3.1",
      "Source": "Repository",
      "Repository": "CRAN",
      "Hash": "fd2844b3a43ae2d27e70ece2df1b4e2a",
      "Requirements": [
        "rlang"
      ]
    },
    "evaluate": {
      "Package": "evaluate",
      "Version": "0.14",
      "Source": "Repository",
      "Repository": "CRAN",
      "Hash": "ec8ca05cffcc70569eaaad8469d2a3a7",
      "Requirements": []
    },
    "fansi": {
      "Package": "fansi",
      "Version": "0.4.2",
      "Source": "Repository",
      "Repository": "CRAN",
      "Hash": "fea074fb67fe4c25d47ad09087da847d",
      "Requirements": []
    },
    "farver": {
      "Package": "farver",
      "Version": "2.1.0",
      "Source": "Repository",
      "Repository": "CRAN",
      "Hash": "c98eb5133d9cb9e1622b8691487f11bb",
      "Requirements": []
    },
    "fastmap": {
      "Package": "fastmap",
      "Version": "1.1.0",
      "Source": "Repository",
      "Repository": "CRAN",
      "Hash": "77bd60a6157420d4ffa93b27cf6a58b8",
      "Requirements": []
    },
    "foreach": {
      "Package": "foreach",
      "Version": "1.5.1",
      "Source": "Repository",
      "Repository": "CRAN",
      "Hash": "e32cfc0973caba11b65b1fa691b4d8c9",
      "Requirements": [
        "codetools",
        "iterators"
      ]
    },
    "foreign": {
      "Package": "foreign",
      "Version": "0.8-82",
      "Source": "Repository",
      "Repository": "CRAN",
      "Hash": "32b25c97ce306a760c4d9f787991b5d9",
      "Requirements": []
    },
    "fs": {
      "Package": "fs",
      "Version": "1.5.0",
      "Source": "Repository",
      "Repository": "CRAN",
      "Hash": "44594a07a42e5f91fac9f93fda6d0109",
      "Requirements": []
    },
    "future": {
      "Package": "future",
      "Version": "1.24.0",
      "Source": "Repository",
      "Repository": "CRAN",
      "Hash": "5cc7addaa73372fbee0a7d06c880068e",
      "Requirements": [
        "digest",
        "globals",
        "listenv",
        "parallelly"
      ]
    },
    "future.callr": {
      "Package": "future.callr",
      "Version": "0.8.0",
      "Source": "Repository",
      "Repository": "CRAN",
      "Hash": "d56e31f531c20af2415a3971ca0b3c3c",
      "Requirements": [
        "callr",
        "future"
      ]
    },
    "gamm4": {
      "Package": "gamm4",
      "Version": "0.2-6",
      "Source": "Repository",
      "Repository": "CRAN",
      "Hash": "07fd04f71ff5fbf2a69c74e4ec128d65",
      "Requirements": [
        "Matrix",
        "lme4",
        "mgcv"
      ]
    },
    "generics": {
      "Package": "generics",
      "Version": "0.1.0",
      "Source": "Repository",
      "Repository": "CRAN",
      "Hash": "4d243a9c10b00589889fe32314ffd902",
      "Requirements": []
    },
    "ggplot2": {
      "Package": "ggplot2",
      "Version": "3.3.5",
      "Source": "Repository",
      "Repository": "CRAN",
      "Hash": "d7566c471c7b17e095dd023b9ef155ad",
      "Requirements": [
        "MASS",
        "digest",
        "glue",
        "gtable",
        "isoband",
        "mgcv",
        "rlang",
        "scales",
        "tibble",
        "withr"
      ]
    },
    "ggridges": {
      "Package": "ggridges",
      "Version": "0.5.3",
      "Source": "Repository",
      "Repository": "CRAN",
      "Hash": "9d028e8f37c84dba356ce3c367a1978e",
      "Requirements": [
        "ggplot2",
        "plyr",
        "scales",
        "withr"
      ]
    },
    "glmmTMB": {
      "Package": "glmmTMB",
      "Version": "1.1.3",
      "Source": "Repository",
      "Repository": "CRAN",
      "Hash": "c471f08c2486b0c793909f147175892e",
      "Requirements": [
        "Matrix",
        "RcppEigen",
        "TMB",
        "lme4",
        "nlme",
        "numDeriv"
      ]
    },
    "globals": {
      "Package": "globals",
      "Version": "0.14.0",
      "Source": "Repository",
      "Repository": "CRAN",
      "Hash": "eca8023ed5ca6372479ebb9b3207f5ae",
      "Requirements": [
        "codetools"
      ]
    },
    "glue": {
      "Package": "glue",
      "Version": "1.4.2",
      "Source": "Repository",
      "Repository": "CRAN",
      "Hash": "6efd734b14c6471cfe443345f3e35e29",
      "Requirements": []
    },
    "gridExtra": {
      "Package": "gridExtra",
      "Version": "2.3",
      "Source": "Repository",
      "Repository": "CRAN",
      "Hash": "7d7f283939f563670a697165b2cf5560",
      "Requirements": [
        "gtable"
      ]
    },
    "gtable": {
      "Package": "gtable",
      "Version": "0.3.0",
      "Source": "Repository",
      "Repository": "CRAN",
      "Hash": "ac5c6baf7822ce8732b343f14c072c4d",
      "Requirements": []
    },
    "gtools": {
      "Package": "gtools",
      "Version": "3.8.2",
      "Source": "Repository",
      "Repository": "CRAN",
      "Hash": "0a749b4458d19a54acae93c64e3e7c85",
      "Requirements": []
    },
    "highr": {
      "Package": "highr",
      "Version": "0.9",
      "Source": "Repository",
      "Repository": "CRAN",
      "Hash": "8eb36c8125038e648e5d111c0d7b2ed4",
      "Requirements": [
        "xfun"
      ]
    },
    "htmlTable": {
      "Package": "htmlTable",
      "Version": "2.1.0",
      "Source": "Repository",
      "Repository": "CRAN",
      "Hash": "4f2a742fc75dedafe660e3b47a37680e",
      "Requirements": [
        "checkmate",
        "htmltools",
        "htmlwidgets",
        "knitr",
        "magrittr",
        "rstudioapi",
        "stringr"
      ]
    },
    "htmltools": {
      "Package": "htmltools",
      "Version": "0.5.2",
      "Source": "Repository",
      "Repository": "CRAN",
      "Hash": "526c484233f42522278ab06fb185cb26",
      "Requirements": [
        "base64enc",
        "digest",
        "fastmap",
        "rlang"
      ]
    },
    "htmlwidgets": {
      "Package": "htmlwidgets",
      "Version": "1.5.3",
      "Source": "Repository",
      "Repository": "CRAN",
      "Hash": "6fdaa86d0700f8b3e92ee3c445a5a10d",
      "Requirements": [
        "htmltools",
        "jsonlite",
        "yaml"
      ]
    },
    "httpuv": {
      "Package": "httpuv",
      "Version": "1.5.5",
      "Source": "Repository",
      "Repository": "CRAN",
      "Hash": "b9d5d39be2150cf86538b8488334b8f8",
      "Requirements": [
        "BH",
        "R6",
        "Rcpp",
        "later",
        "promises"
      ]
    },
    "httr": {
      "Package": "httr",
      "Version": "1.4.2",
      "Source": "Repository",
      "Repository": "CRAN",
      "Hash": "a525aba14184fec243f9eaec62fbed43",
      "Requirements": [
        "R6",
        "curl",
        "jsonlite",
        "mime",
        "openssl"
      ]
    },
    "igraph": {
      "Package": "igraph",
      "Version": "1.2.6",
      "Source": "Repository",
      "Repository": "CRAN",
      "Hash": "7b1f856410253d56ea67ad808f7cdff6",
      "Requirements": [
        "Matrix",
        "magrittr",
        "pkgconfig"
      ]
    },
    "inline": {
      "Package": "inline",
      "Version": "0.3.17",
      "Source": "Repository",
      "Repository": "CRAN",
      "Hash": "c34d7560557eb0b2e1040fc690534049",
      "Requirements": []
    },
    "insight": {
      "Package": "insight",
      "Version": "0.14.4",
      "Source": "Repository",
      "Repository": "CRAN",
      "Hash": "0732fdb500e89408a440c182cb43121d",
      "Requirements": []
    },
    "isoband": {
      "Package": "isoband",
      "Version": "0.2.4",
      "Source": "Repository",
      "Repository": "CRAN",
      "Hash": "b2008df40fb297e3fef135c7e8eeec1a",
      "Requirements": []
    },
    "iterators": {
      "Package": "iterators",
      "Version": "1.0.13",
      "Source": "Repository",
      "Repository": "CRAN",
      "Hash": "64778782a89480e9a644f69aad9a2877",
      "Requirements": []
    },
    "itsadug": {
      "Package": "itsadug",
      "Version": "2.4",
      "Source": "Repository",
      "Repository": "CRAN",
      "Hash": "c1538a404aaf47160deb0e310b1c58bb",
      "Requirements": [
        "mgcv",
        "plotfunctions"
      ]
    },
    "jpeg": {
      "Package": "jpeg",
      "Version": "0.1-8.1",
      "Source": "Repository",
      "Repository": "CRAN",
      "Hash": "bc316c003aba520fc73d70ad53b5fc36",
      "Requirements": []
    },
    "jquerylib": {
      "Package": "jquerylib",
      "Version": "0.1.3",
      "Source": "Repository",
      "Repository": "CRAN",
      "Hash": "5ff50b36f7f0832f8421745af333e73c",
      "Requirements": [
        "htmltools"
      ]
    },
    "jsonlite": {
      "Package": "jsonlite",
      "Version": "1.7.2",
      "Source": "Repository",
      "Repository": "CRAN",
      "Hash": "98138e0994d41508c7a6b84a0600cfcb",
      "Requirements": []
    },
    "knitr": {
      "Package": "knitr",
      "Version": "1.37",
      "Source": "Repository",
      "Repository": "CRAN",
      "Hash": "a4ec675eb332a33fe7b7fe26f70e1f98",
      "Requirements": [
        "evaluate",
        "highr",
        "stringr",
        "xfun",
        "yaml"
      ]
    },
    "labeling": {
      "Package": "labeling",
      "Version": "0.4.2",
      "Source": "Repository",
      "Repository": "CRAN",
      "Hash": "3d5108641f47470611a32d0bdf357a72",
      "Requirements": []
    },
    "later": {
      "Package": "later",
      "Version": "1.1.0.1",
      "Source": "Repository",
      "Repository": "CRAN",
      "Hash": "d0a62b247165aabf397fded504660d8a",
      "Requirements": [
        "BH",
        "Rcpp",
        "rlang"
      ]
    },
    "lattice": {
      "Package": "lattice",
      "Version": "0.20-41",
      "Source": "Repository",
      "Repository": "CRAN",
      "Hash": "fbd9285028b0263d76d18c95ae51a53d",
      "Requirements": []
    },
    "latticeExtra": {
      "Package": "latticeExtra",
      "Version": "0.6-29",
      "Source": "Repository",
      "Repository": "CRAN",
      "Hash": "590829599d6182cf7461787af34666ee",
      "Requirements": [
        "RColorBrewer",
        "jpeg",
        "lattice",
        "png"
      ]
    },
    "lazyeval": {
      "Package": "lazyeval",
      "Version": "0.2.2",
      "Source": "Repository",
      "Repository": "CRAN",
      "Hash": "d908914ae53b04d4c0c0fd72ecc35370",
      "Requirements": []
    },
    "lifecycle": {
      "Package": "lifecycle",
      "Version": "1.0.0",
      "Source": "Repository",
      "Repository": "CRAN",
      "Hash": "3471fb65971f1a7b2d4ae7848cf2db8d",
      "Requirements": [
        "glue",
        "rlang"
      ]
    },
    "listenv": {
      "Package": "listenv",
      "Version": "0.8.0",
      "Source": "Repository",
      "Repository": "CRAN",
      "Hash": "0bde42ee282efb18c7c4e63822f5b4f7",
      "Requirements": []
    },
    "lme4": {
      "Package": "lme4",
      "Version": "1.1-27.1",
      "Source": "Repository",
      "Repository": "CRAN",
      "Hash": "c995b0405ce0894d6fe52b3e08ea9085",
      "Requirements": [
        "MASS",
        "Matrix",
        "Rcpp",
        "RcppEigen",
        "boot",
        "lattice",
        "minqa",
        "nlme",
        "nloptr"
      ]
    },
    "loo": {
      "Package": "loo",
      "Version": "2.4.1.9000",
      "Source": "GitHub",
      "RemoteType": "github",
      "RemoteHost": "api.github.com",
      "RemoteRepo": "loo",
      "RemoteUsername": "stan-dev",
      "RemoteRef": "HEAD",
      "RemoteSha": "ca3e2252b6bb596524c424be255648480c416178",
      "Hash": "3f7f01bd92a46a91012408c57fccea46",
      "Requirements": [
        "checkmate",
        "matrixStats"
      ]
    },
    "magrittr": {
      "Package": "magrittr",
      "Version": "2.0.1",
      "Source": "Repository",
      "Repository": "CRAN",
      "Hash": "41287f1ac7d28a92f0a286ed507928d3",
      "Requirements": []
    },
    "markdown": {
      "Package": "markdown",
      "Version": "1.1",
      "Source": "Repository",
      "Repository": "CRAN",
      "Hash": "61e4a10781dd00d7d81dd06ca9b94e95",
      "Requirements": [
        "mime",
        "xfun"
      ]
    },
    "matrixStats": {
      "Package": "matrixStats",
      "Version": "0.58.0",
      "Source": "Repository",
      "Repository": "CRAN",
      "Hash": "c318d148056e5bb8d7de79b0876f9ae6",
      "Requirements": []
    },
    "mgcv": {
      "Package": "mgcv",
      "Version": "1.8-34",
      "Source": "Repository",
      "Repository": "CRAN",
      "Hash": "bd4a6c4b600f58651d60d381b0e9a397",
      "Requirements": [
        "Matrix",
        "nlme"
      ]
    },
    "mice": {
      "Package": "mice",
      "Version": "3.13.0",
      "Source": "Repository",
      "Repository": "CRAN",
      "Hash": "ad5d45cfde1d122001e0dca07f80182a",
      "Requirements": [
        "Rcpp",
        "broom",
        "cpp11",
        "dplyr",
        "generics",
        "lattice",
        "rlang",
        "tidyr"
      ]
    },
    "miceadds": {
      "Package": "miceadds",
      "Version": "3.11-6",
      "Source": "Repository",
      "Repository": "CRAN",
      "Hash": "b7768955403cc231f24955fc30dde4c4",
      "Requirements": [
        "Rcpp",
        "RcppArmadillo",
        "mice",
        "mitools"
      ]
    },
    "mime": {
      "Package": "mime",
      "Version": "0.10",
      "Source": "Repository",
      "Repository": "CRAN",
      "Hash": "26fa77e707223e1ce042b2b5d09993dc",
      "Requirements": []
    },
    "miniUI": {
      "Package": "miniUI",
      "Version": "0.1.1.1",
      "Source": "Repository",
      "Repository": "CRAN",
      "Hash": "fec5f52652d60615fdb3957b3d74324a",
      "Requirements": [
        "htmltools",
        "shiny"
      ]
    },
    "minqa": {
      "Package": "minqa",
      "Version": "1.2.4",
      "Source": "Repository",
      "Repository": "CRAN",
      "Hash": "eaee7d2a6f3ed4491df868611cb064cc",
      "Requirements": [
        "Rcpp"
      ]
    },
    "mitools": {
      "Package": "mitools",
      "Version": "2.4",
      "Source": "Repository",
      "Repository": "CRAN",
      "Hash": "a4b659bd0528226724d55034f11ed7cb",
      "Requirements": [
        "DBI"
      ]
    },
    "munsell": {
      "Package": "munsell",
      "Version": "0.5.0",
      "Source": "Repository",
      "Repository": "CRAN",
      "Hash": "6dfe8bf774944bd5595785e3229d8771",
      "Requirements": [
        "colorspace"
      ]
    },
    "mvtnorm": {
      "Package": "mvtnorm",
      "Version": "1.1-2",
      "Source": "Repository",
      "Repository": "CRAN",
      "Hash": "6f0133c3842aef0394dbd844a21d3f5f",
      "Requirements": []
    },
    "nleqslv": {
      "Package": "nleqslv",
      "Version": "3.3.2",
      "Source": "Repository",
      "Repository": "CRAN",
      "Hash": "bd00b0d9f6e1aa1462a89eb05d992b38",
      "Requirements": []
    },
    "nlme": {
      "Package": "nlme",
      "Version": "3.1-152",
      "Source": "Repository",
      "Repository": "CRAN",
      "Hash": "35de1ce639f20b5e10f7f46260730c65",
      "Requirements": [
        "lattice"
      ]
    },
    "nloptr": {
      "Package": "nloptr",
      "Version": "1.2.2.2",
      "Source": "Repository",
      "Repository": "CRAN",
      "Hash": "2737faeee353704efec5afa1e943dd64",
      "Requirements": []
    },
    "nnet": {
      "Package": "nnet",
      "Version": "7.3-15",
      "Source": "Repository",
      "Repository": "CRAN",
      "Hash": "b67ac021b3fb3a4b69d0d3c2bc049e9f",
      "Requirements": []
    },
    "numDeriv": {
      "Package": "numDeriv",
      "Version": "2016.8-1.1",
      "Source": "Repository",
      "Repository": "CRAN",
      "Hash": "df58958f293b166e4ab885ebcad90e02",
      "Requirements": []
    },
    "openssl": {
      "Package": "openssl",
      "Version": "1.4.3",
      "Source": "Repository",
      "Repository": "CRAN",
      "Hash": "a399e4773075fc2375b71f45fca186c4",
      "Requirements": [
        "askpass"
      ]
    },
    "optimx": {
      "Package": "optimx",
      "Version": "2020-4.2",
      "Source": "Repository",
      "Repository": "CRAN",
      "Hash": "7e25ed8dc4f16eada2532a61107d0dc7",
      "Requirements": [
        "numDeriv"
      ]
    },
    "packrat": {
      "Package": "packrat",
      "Version": "0.7.0",
      "Source": "Repository",
      "Repository": "CRAN",
      "Hash": "95e8c3825efcaad09411799da92c0af9",
      "Requirements": []
    },
    "parallelly": {
      "Package": "parallelly",
      "Version": "1.31.0",
      "Source": "Repository",
      "Repository": "CRAN",
      "Hash": "ceef6586b2539fd15f4cdf87061bfa04",
      "Requirements": []
    },
    "patchwork": {
      "Package": "patchwork",
      "Version": "1.1.1",
      "Source": "Repository",
      "Repository": "CRAN",
      "Hash": "c446b30cb33ec125ff02588b60660ccb",
      "Requirements": [
        "ggplot2",
        "gtable"
      ]
    },
    "pillar": {
      "Package": "pillar",
      "Version": "1.5.1",
      "Source": "Repository",
      "Repository": "CRAN",
      "Hash": "24622aa4a0d3de3463c34513edca99b2",
      "Requirements": [
        "cli",
        "crayon",
        "ellipsis",
        "fansi",
        "lifecycle",
        "rlang",
        "utf8",
        "vctrs"
      ]
    },
    "pkgbuild": {
      "Package": "pkgbuild",
      "Version": "1.2.0",
      "Source": "GitHub",
      "RemoteType": "github",
      "RemoteHost": "api.github.com",
      "RemoteRepo": "pkgbuild",
      "RemoteUsername": "r-lib",
      "RemoteRef": "HEAD",
      "RemoteSha": "2aaecf838eb023b788b7a31e267ac644d616dae0",
      "Hash": "f3fe77040d7f57d7723cfd1aea49e1ba",
      "Requirements": [
        "R6",
        "callr",
        "cli",
        "crayon",
        "desc",
        "prettyunits",
        "rprojroot",
        "withr"
      ]
    },
    "pkgconfig": {
      "Package": "pkgconfig",
      "Version": "2.0.3",
      "Source": "Repository",
      "Repository": "CRAN",
      "Hash": "01f28d4278f15c76cddbea05899c5d6f",
      "Requirements": []
    },
    "plotfunctions": {
      "Package": "plotfunctions",
      "Version": "1.4",
      "Source": "Repository",
      "Repository": "CRAN",
      "Hash": "c3aed2d3564e92234d375bdd0e12c1eb",
      "Requirements": []
    },
    "plotly": {
      "Package": "plotly",
      "Version": "4.9.3",
      "Source": "Repository",
      "Repository": "CRAN",
      "Hash": "f6b85d9e4ed88074ea0ede1aa74bb00e",
      "Requirements": [
        "RColorBrewer",
        "base64enc",
        "crosstalk",
        "data.table",
        "digest",
        "dplyr",
        "ggplot2",
        "htmltools",
        "htmlwidgets",
        "httr",
        "jsonlite",
        "lazyeval",
        "magrittr",
        "promises",
        "purrr",
        "rlang",
        "scales",
        "tibble",
        "tidyr",
        "vctrs",
        "viridisLite"
      ]
    },
    "plyr": {
      "Package": "plyr",
      "Version": "1.8.6",
      "Source": "Repository",
      "Repository": "CRAN",
      "Hash": "ec0e5ab4e5f851f6ef32cd1d1984957f",
      "Requirements": [
        "Rcpp"
      ]
    },
    "png": {
      "Package": "png",
      "Version": "0.1-7",
      "Source": "Repository",
      "Repository": "CRAN",
      "Hash": "03b7076c234cb3331288919983326c55",
      "Requirements": []
    },
    "prettyunits": {
      "Package": "prettyunits",
      "Version": "1.1.1",
      "Source": "Repository",
      "Repository": "CRAN",
      "Hash": "95ef9167b75dde9d2ccc3c7528393e7e",
      "Requirements": []
    },
    "processx": {
      "Package": "processx",
      "Version": "3.5.2",
      "Source": "Repository",
      "Repository": "CRAN",
      "Hash": "0cbca2bc4d16525d009c4dbba156b37c",
      "Requirements": [
        "R6",
        "ps"
      ]
    },
    "projpred": {
      "Package": "projpred",
      "Version": "2.0.2",
      "Source": "GitHub",
      "RemoteType": "github",
      "RemoteHost": "api.github.com",
      "RemoteRepo": "projpred",
      "RemoteUsername": "stan-dev",
      "RemoteRef": "HEAD",
      "RemoteSha": "dc1c3e473c8df2298e956c406499ddac941e5c5f",
      "Hash": "f28cecfafde3e3a9601038c50c6e9602",
      "Requirements": [
        "MASS",
        "Rcpp",
        "RcppArmadillo",
        "dplyr",
        "gamm4",
        "ggplot2",
        "lme4",
        "loo",
        "magrittr",
        "mgcv",
        "optimx",
        "rngtools",
        "rstantools"
      ]
    },
    "promises": {
      "Package": "promises",
      "Version": "1.2.0.1",
      "Source": "Repository",
      "Repository": "CRAN",
      "Hash": "4ab2c43adb4d4699cf3690acd378d75d",
      "Requirements": [
        "R6",
        "Rcpp",
        "later",
        "magrittr",
        "rlang"
      ]
    },
    "ps": {
      "Package": "ps",
      "Version": "1.6.0",
      "Source": "Repository",
      "Repository": "CRAN",
      "Hash": "32620e2001c1dce1af49c49dccbb9420",
      "Requirements": []
    },
    "purrr": {
      "Package": "purrr",
      "Version": "0.3.4",
      "Source": "Repository",
      "Repository": "CRAN",
      "Hash": "97def703420c8ab10d8f0e6c72101e02",
      "Requirements": [
        "magrittr",
        "rlang"
      ]
    },
    "rappdirs": {
      "Package": "rappdirs",
      "Version": "0.3.3",
      "Source": "Repository",
      "Repository": "CRAN",
      "Hash": "5e3c5dc0b071b21fa128676560dbe94d",
      "Requirements": []
    },
    "renv": {
      "Package": "renv",
      "Version": "0.15.2",
      "Source": "Repository",
      "Repository": "CRAN",
      "Hash": "206c4ef8b7ad6fb1060d69aa7b9dfe69",
      "Requirements": []
    },
    "reshape2": {
      "Package": "reshape2",
      "Version": "1.4.4",
      "Source": "Repository",
      "Repository": "CRAN",
      "Hash": "bb5996d0bd962d214a11140d77589917",
      "Requirements": [
        "Rcpp",
        "plyr",
        "stringr"
      ]
    },
    "rlang": {
      "Package": "rlang",
      "Version": "0.4.11",
      "Source": "Repository",
      "Repository": "CRAN",
      "Hash": "515f341d3affe0de9e4a7f762efb0456",
      "Requirements": []
    },
    "rmarkdown": {
      "Package": "rmarkdown",
      "Version": "2.11",
      "Source": "Repository",
      "Repository": "CRAN",
      "Hash": "320017b52d05a943981272b295750388",
      "Requirements": [
        "evaluate",
        "htmltools",
        "jquerylib",
        "jsonlite",
        "knitr",
        "stringr",
        "tinytex",
        "xfun",
        "yaml"
      ]
    },
    "rngtools": {
      "Package": "rngtools",
      "Version": "1.5",
      "Source": "Repository",
      "Repository": "CRAN",
      "Hash": "ee3ca1cacd13e35dbb71ac1999d98cbc",
      "Requirements": [
        "digest"
      ]
    },
    "rpart": {
      "Package": "rpart",
      "Version": "4.1.16",
      "Source": "Repository",
      "Repository": "CRAN",
      "Hash": "ea3ca1d9473daabb3cd0f1b4f974c1ed",
      "Requirements": []
    },
    "rprojroot": {
      "Package": "rprojroot",
      "Version": "2.0.2",
      "Source": "Repository",
      "Repository": "CRAN",
      "Hash": "249d8cd1e74a8f6a26194a91b47f21d1",
      "Requirements": []
    },
    "rsconnect": {
      "Package": "rsconnect",
      "Version": "0.8.25",
      "Source": "Repository",
      "Repository": "CRAN",
      "Hash": "c78e0acc405a6990475f1f9500ebe66c",
      "Requirements": [
        "curl",
        "digest",
        "jsonlite",
        "openssl",
        "packrat",
        "rstudioapi",
        "yaml"
      ]
    },
    "rstan": {
      "Package": "rstan",
      "Version": "2.21.2",
      "Source": "Repository",
      "Repository": "CRAN",
      "Hash": "52772d81aa532a6331fd535701882c12",
      "Requirements": [
        "BH",
        "Rcpp",
        "RcppEigen",
        "RcppParallel",
        "StanHeaders",
        "V8",
        "ggplot2",
        "gridExtra",
        "inline",
        "loo",
        "pkgbuild",
        "withr"
      ]
    },
    "rstantools": {
      "Package": "rstantools",
      "Version": "2.1.1",
      "Source": "Repository",
      "Repository": "CRAN",
      "Hash": "c91e0f20c967e246cb6f2efe8c60e15b",
      "Requirements": [
        "Rcpp",
        "RcppParallel",
        "desc"
      ]
    },
    "rstudioapi": {
      "Package": "rstudioapi",
      "Version": "0.13",
      "Source": "Repository",
      "Repository": "CRAN",
      "Hash": "06c85365a03fdaf699966cc1d3cf53ea",
      "Requirements": []
    },
    "sass": {
      "Package": "sass",
      "Version": "0.4.0",
      "Source": "Repository",
      "Repository": "CRAN",
      "Hash": "50cf822feb64bb3977bda0b7091be623",
      "Requirements": [
        "R6",
        "fs",
        "htmltools",
        "rappdirs",
        "rlang"
      ]
    },
    "scales": {
      "Package": "scales",
      "Version": "1.1.1",
      "Source": "Repository",
      "Repository": "CRAN",
      "Hash": "6f76f71042411426ec8df6c54f34e6dd",
      "Requirements": [
        "R6",
        "RColorBrewer",
        "farver",
        "labeling",
        "lifecycle",
        "munsell",
        "viridisLite"
      ]
    },
    "shiny": {
      "Package": "shiny",
      "Version": "1.6.0",
      "Source": "Repository",
      "Repository": "CRAN",
      "Hash": "6e3b6ae7fe02b5859e4bb277f218b8ae",
      "Requirements": [
        "R6",
        "bslib",
        "cachem",
        "commonmark",
        "crayon",
        "digest",
        "ellipsis",
        "fastmap",
        "glue",
        "htmltools",
        "httpuv",
        "jsonlite",
        "later",
        "lifecycle",
        "mime",
        "promises",
        "rlang",
        "sourcetools",
        "withr",
        "xtable"
      ]
    },
    "shinyMatrix": {
      "Package": "shinyMatrix",
      "Version": "0.4.0",
      "Source": "Repository",
      "Repository": "CRAN",
      "Hash": "9c8306b5cb4424eafeabdd29b88eb446",
      "Requirements": [
        "jsonlite",
        "shiny"
      ]
    },
    "shinyjs": {
      "Package": "shinyjs",
      "Version": "2.0.0",
      "Source": "Repository",
      "Repository": "CRAN",
      "Hash": "9ddfc91d4280eaa34c2103951538976f",
      "Requirements": [
        "digest",
        "htmltools",
        "jsonlite",
        "shiny"
      ]
    },
    "shinystan": {
      "Package": "shinystan",
      "Version": "2.5.0",
      "Source": "Repository",
      "Repository": "CRAN",
      "Hash": "85e1a9e77cdd1b8740e92b37f8fdce7b",
      "Requirements": [
        "DT",
        "bayesplot",
        "colourpicker",
        "dygraphs",
        "ggplot2",
        "gridExtra",
        "gtools",
        "markdown",
        "reshape2",
        "rsconnect",
        "rstan",
        "shiny",
        "shinyjs",
        "shinythemes",
        "threejs",
        "xtable",
        "xts"
      ]
    },
    "shinythemes": {
      "Package": "shinythemes",
      "Version": "1.2.0",
      "Source": "Repository",
      "Repository": "CRAN",
      "Hash": "30f0ebc41feba25691073626ff5e2cf4",
      "Requirements": [
        "shiny"
      ]
    },
    "snow": {
      "Package": "snow",
      "Version": "0.4-3",
      "Source": "Repository",
      "Repository": "CRAN",
      "Hash": "11b822ad6214111a4188d5e5fd1b144c",
      "Requirements": []
    },
    "sourcetools": {
      "Package": "sourcetools",
      "Version": "0.1.7",
      "Source": "Repository",
      "Repository": "CRAN",
      "Hash": "947e4e02a79effa5d512473e10f41797",
      "Requirements": []
    },
    "squid": {
      "Package": "squid",
      "Version": "0.1.2.9000",
      "Source": "Repository",
      "Repository": "CRAN",
      "Hash": "88ff3b13a85adc36fe69d7e8aed2ca42",
      "Requirements": [
        "MASS",
        "arm",
        "brms",
        "data.table",
        "ggplot2",
        "lme4",
        "plotly",
        "shiny",
        "shinyMatrix"
      ]
    },
    "stringi": {
      "Package": "stringi",
      "Version": "1.7.3",
      "Source": "Repository",
      "Repository": "CRAN",
      "Hash": "7943cfae120c77a255025e5f63856532",
      "Requirements": []
    },
    "stringr": {
      "Package": "stringr",
      "Version": "1.4.0",
      "Source": "Repository",
      "Repository": "CRAN",
      "Hash": "0759e6b6c0957edb1311028a49a35e76",
      "Requirements": [
        "glue",
        "magrittr",
        "stringi"
      ]
    },
    "survival": {
      "Package": "survival",
      "Version": "3.2-10",
      "Source": "Repository",
      "Repository": "CRAN",
      "Hash": "6b7453cd9bb32b12577c78d54eeea56a",
      "Requirements": [
        "Matrix"
      ]
    },
    "sys": {
      "Package": "sys",
      "Version": "3.4",
      "Source": "Repository",
      "Repository": "CRAN",
      "Hash": "b227d13e29222b4574486cfcbde077fa",
      "Requirements": []
    },
    "tarchetypes": {
      "Package": "tarchetypes",
      "Version": "0.4.1",
      "Source": "Repository",
      "Repository": "CRAN",
      "Hash": "24c9eb58a70cef665befbcc9891572de",
      "Requirements": [
        "digest",
        "dplyr",
        "fs",
        "rlang",
        "targets",
        "tibble",
        "tidyselect",
        "vctrs",
        "withr"
      ]
    },
    "targets": {
      "Package": "targets",
      "Version": "0.10.0",
      "Source": "Repository",
      "Repository": "CRAN",
      "Hash": "bd9b5c201537ae9e9bf3e8addbeb4218",
      "Requirements": [
        "R6",
        "base64url",
        "callr",
        "cli",
        "codetools",
        "data.table",
        "digest",
        "igraph",
        "knitr",
        "rlang",
        "tibble",
        "tidyselect",
        "vctrs",
        "withr",
        "yaml"
      ]
    },
    "threejs": {
      "Package": "threejs",
      "Version": "0.3.3",
      "Source": "Repository",
      "Repository": "CRAN",
      "Hash": "2ad32c3a8745e827977f394bc387e3b0",
      "Requirements": [
        "base64enc",
        "crosstalk",
        "htmlwidgets",
        "igraph"
      ]
    },
    "tibble": {
      "Package": "tibble",
      "Version": "3.1.0",
      "Source": "Repository",
      "Repository": "CRAN",
      "Hash": "4d894a114dbd4ecafeda5074e7c538e6",
      "Requirements": [
        "ellipsis",
        "fansi",
        "lifecycle",
        "magrittr",
        "pillar",
        "pkgconfig",
        "rlang",
        "vctrs"
      ]
    },
    "tictoc": {
      "Package": "tictoc",
      "Version": "1.0",
      "Source": "Repository",
      "Repository": "CRAN",
      "Hash": "f8cc5adf4671b013434bbe127f35b28c",
      "Requirements": []
    },
    "tidyr": {
      "Package": "tidyr",
      "Version": "1.1.3",
      "Source": "Repository",
      "Repository": "CRAN",
      "Hash": "450d7dfaedde58e28586b854eeece4fa",
      "Requirements": [
        "cpp11",
        "dplyr",
        "ellipsis",
        "glue",
        "lifecycle",
        "magrittr",
        "purrr",
        "rlang",
        "tibble",
        "tidyselect",
        "vctrs"
      ]
    },
    "tidyselect": {
      "Package": "tidyselect",
      "Version": "1.1.0",
      "Source": "Repository",
      "Repository": "CRAN",
      "Hash": "6ea435c354e8448819627cf686f66e0a",
      "Requirements": [
        "ellipsis",
        "glue",
        "purrr",
        "rlang",
        "vctrs"
      ]
    },
    "tinytex": {
      "Package": "tinytex",
      "Version": "0.33",
      "Source": "Repository",
      "Repository": "CRAN",
      "Hash": "6e0ad90ac5669e35d5456cb61b295acb",
      "Requirements": [
        "xfun"
      ]
    },
    "utf8": {
      "Package": "utf8",
      "Version": "1.2.1",
      "Source": "Repository",
      "Repository": "CRAN",
      "Hash": "c3ad47dc6da0751f18ed53c4613e3ac7",
      "Requirements": []
    },
    "vctrs": {
      "Package": "vctrs",
      "Version": "0.3.6",
      "Source": "Repository",
      "Repository": "CRAN",
      "Hash": "5cf1957f93076c19fdc81d01409d240b",
      "Requirements": [
        "digest",
        "ellipsis",
        "glue",
        "rlang"
      ]
    },
    "viridis": {
      "Package": "viridis",
      "Version": "0.5.1",
      "Source": "Repository",
      "Repository": "CRAN",
      "Hash": "6f6b49e5b3b5ee5a6d0c28bf1b4b9eb3",
      "Requirements": [
        "ggplot2",
        "gridExtra",
        "viridisLite"
      ]
    },
    "viridisLite": {
      "Package": "viridisLite",
      "Version": "0.4.0",
      "Source": "Repository",
      "Repository": "CRAN",
      "Hash": "55e157e2aa88161bdb0754218470d204",
      "Requirements": []
    },
    "withr": {
      "Package": "withr",
      "Version": "2.4.3",
      "Source": "Repository",
      "Repository": "CRAN",
      "Hash": "a376b424c4817cda4920bbbeb3364e85",
      "Requirements": []
    },
    "xfun": {
      "Package": "xfun",
      "Version": "0.29",
      "Source": "Repository",
      "Repository": "CRAN",
      "Hash": "e2e5fb1a74fbb68b27d6efc5372635dc",
      "Requirements": []
    },
    "xtable": {
      "Package": "xtable",
      "Version": "1.8-4",
      "Source": "Repository",
      "Repository": "CRAN",
      "Hash": "b8acdf8af494d9ec19ccb2481a9b11c2",
      "Requirements": []
    },
    "xts": {
      "Package": "xts",
      "Version": "0.12.1",
      "Source": "Repository",
      "Repository": "CRAN",
      "Hash": "ca2fd4ad8ef78cca3aa2b30f992798a8",
      "Requirements": [
        "zoo"
      ]
    },
    "yaml": {
      "Package": "yaml",
      "Version": "2.2.1",
      "Source": "Repository",
      "Repository": "CRAN",
      "Hash": "2826c5d9efb0a88f657c7a679c7106db",
      "Requirements": []
    },
    "zoo": {
      "Package": "zoo",
      "Version": "1.8-9",
      "Source": "Repository",
      "Repository": "CRAN",
      "Hash": "035d1c7c12593038c26fb1c2fd40c4d2",
      "Requirements": [
        "lattice"
      ]
    }
  }
}
